{
  "originHash" : "5e0618bf4ca87e22a157d6715802b755ac045e13bc9e47e97d2ac458b3e4129b",
  "pins" : [
    {
      "identity" : "statoscope",
      "kind" : "remoteSourceControl",
      "location" : "https://github.com/InQBarna/statoscope.git",
      "state" : {
        "branch" : "main",
        "revision" : "2398dad0119d2571edab004ce4e61e3416f2a7ac"
      }
    },
    {
      "identity" : "swift-syntax",
      "kind" : "remoteSourceControl",
      "location" : "https://github.com/apple/swift-syntax.git",
      "state" : {
        "revision" : "64889f0c732f210a935a0ad7cda38f77f876262d",
        "version" : "509.1.1"
      }
    }
  ],
  "version" : 3
}
