// !$*UTF8*$!
{
	archiveVersion = 1;
	classes = {
	};
	objectVersion = 77;
	objects = {

/* Begin PBXBuildFile section */
		412282E12CCB88A90006CD96 /* MarvelHeroesUnitTest.swift in Sources */ = {isa = PBXBuildFile; fileRef = 412282DE2CCB88A90006CD96 /* MarvelHeroesUnitTest.swift */; };
		412282F72CCB8A8B0006CD96 /* APIKeys.swift in Sources */ = {isa = PBXBuildFile; fileRef = 412282E22CCB8A8B0006CD96 /* APIKeys.swift */; };
		412282F82CCB8A8B0006CD96 /* MarvelAPI.swift in Sources */ = {isa = PBXBuildFile; fileRef = 412282E32CCB8A8B0006CD96 /* MarvelAPI.swift */; };
		412282F92CCB8A8B0006CD96 /* NetworkProvider.swift in Sources */ = {isa = PBXBuildFile; fileRef = 412282E52CCB8A8B0006CD96 /* NetworkProvider.swift */; };
		412282FA2CCB8A8B0006CD96 /* Providers.swift in Sources */ = {isa = PBXBuildFile; fileRef = 412282E62CCB8A8B0006CD96 /* Providers.swift */; };
		412282FB2CCB8A8B0006CD96 /* SystemProvider.swift in Sources */ = {isa = PBXBuildFile; fileRef = 412282E72CCB8A8B0006CD96 /* SystemProvider.swift */; };
		412282FC2CCB8A8B0006CD96 /* Character.swift in Sources */ = {isa = PBXBuildFile; fileRef = 412282E92CCB8A8B0006CD96 /* Character.swift */; };
		412282FD2CCB8A8B0006CD96 /* ContentView.swift in Sources */ = {isa = PBXBuildFile; fileRef = 412282ED2CCB8A8B0006CD96 /* ContentView.swift */; };
		412282FE2CCB8A8B0006CD96 /* HeroDetailView.swift in Sources */ = {isa = PBXBuildFile; fileRef = 412282EE2CCB8A8B0006CD96 /* HeroDetailView.swift */; };
		412282FF2CCB8A8B0006CD96 /* HeroView.swift in Sources */ = {isa = PBXBuildFile; fileRef = 412282EF2CCB8A8B0006CD96 /* HeroView.swift */; };
		412283002CCB8A8B0006CD96 /* ContentView-VM.swift in Sources */ = {isa = PBXBuildFile; fileRef = 412282F12CCB8A8B0006CD96 /* ContentView-VM.swift */; };
		412283012CCB8A8B0006CD96 /* MarvelHeroesApp.swift in Sources */ = {isa = PBXBuildFile; fileRef = 412282F52CCB8A8B0006CD96 /* MarvelHeroesApp.swift */; };
		412283022CCB8A8B0006CD96 /* Preview Assets.xcassets in Resources */ = {isa = PBXBuildFile; fileRef = 412282EB2CCB8A8B0006CD96 /* Preview Assets.xcassets */; };
		412283032CCB8A8B0006CD96 /* .gitignore in Resources */ = {isa = PBXBuildFile; fileRef = 412282F32CCB8A8B0006CD96 /* .gitignore */; };
		412283042CCB8A8B0006CD96 /* Assets.xcassets in Resources */ = {isa = PBXBuildFile; fileRef = 412282F42CCB8A8B0006CD96 /* Assets.xcassets */; };
		41A082962CC8EE2B00BFBD35 /* StatoscopeTesting in Frameworks */ = {isa = PBXBuildFile; productRef = 41A082952CC8EE2B00BFBD35 /* StatoscopeTesting */; };
		41A7B52D2CC640050025494A /* Statoscope in Frameworks */ = {isa = PBXBuildFile; productRef = 41A7B52C2CC640050025494A /* Statoscope */; };
/* End PBXBuildFile section */

/* Begin PBXContainerItemProxy section */
		41A0828D2CC8EDEB00BFBD35 /* PBXContainerItemProxy */ = {
			isa = PBXContainerItemProxy;
			containerPortal = 41792AA02CC638F500F0618B /* Project object */;
			proxyType = 1;
			remoteGlobalIDString = 41792AA72CC638F500F0618B;
			remoteInfo = MarvelHeroes;
		};
/* End PBXContainerItemProxy section */

/* Begin PBXFileReference section */
		412282DE2CCB88A90006CD96 /* MarvelHeroesUnitTest.swift */ = {isa = PBXFileReference; lastKnownFileType = sourcecode.swift; path = MarvelHeroesUnitTest.swift; sourceTree = "<group>"; };
		412282E22CCB8A8B0006CD96 /* APIKeys.swift */ = {isa = PBXFileReference; lastKnownFileType = sourcecode.swift; path = APIKeys.swift; sourceTree = "<group>"; };
		412282E32CCB8A8B0006CD96 /* MarvelAPI.swift */ = {isa = PBXFileReference; lastKnownFileType = sourcecode.swift; path = MarvelAPI.swift; sourceTree = "<group>"; };
		412282E52CCB8A8B0006CD96 /* NetworkProvider.swift */ = {isa = PBXFileReference; lastKnownFileType = sourcecode.swift; path = NetworkProvider.swift; sourceTree = "<group>"; };
		412282E62CCB8A8B0006CD96 /* Providers.swift */ = {isa = PBXFileReference; lastKnownFileType = sourcecode.swift; path = Providers.swift; sourceTree = "<group>"; };
		412282E72CCB8A8B0006CD96 /* SystemProvider.swift */ = {isa = PBXFileReference; lastKnownFileType = sourcecode.swift; path = SystemProvider.swift; sourceTree = "<group>"; };
		412282E92CCB8A8B0006CD96 /* Character.swift */ = {isa = PBXFileReference; lastKnownFileType = sourcecode.swift; path = Character.swift; sourceTree = "<group>"; };
		412282EB2CCB8A8B0006CD96 /* Preview Assets.xcassets */ = {isa = PBXFileReference; lastKnownFileType = folder.assetcatalog; path = "Preview Assets.xcassets"; sourceTree = "<group>"; };
		412282ED2CCB8A8B0006CD96 /* ContentView.swift */ = {isa = PBXFileReference; lastKnownFileType = sourcecode.swift; path = ContentView.swift; sourceTree = "<group>"; };
		412282EE2CCB8A8B0006CD96 /* HeroDetailView.swift */ = {isa = PBXFileReference; lastKnownFileType = sourcecode.swift; path = HeroDetailView.swift; sourceTree = "<group>"; };
		412282EF2CCB8A8B0006CD96 /* HeroView.swift */ = {isa = PBXFileReference; lastKnownFileType = sourcecode.swift; path = HeroView.swift; sourceTree = "<group>"; };
		412282F12CCB8A8B0006CD96 /* ContentView-VM.swift */ = {isa = PBXFileReference; lastKnownFileType = sourcecode.swift; path = "ContentView-VM.swift"; sourceTree = "<group>"; };
		412282F32CCB8A8B0006CD96 /* .gitignore */ = {isa = PBXFileReference; lastKnownFileType = text; path = .gitignore; sourceTree = "<group>"; };
		412282F42CCB8A8B0006CD96 /* Assets.xcassets */ = {isa = PBXFileReference; lastKnownFileType = folder.assetcatalog; path = Assets.xcassets; sourceTree = "<group>"; };
		412282F52CCB8A8B0006CD96 /* MarvelHeroesApp.swift */ = {isa = PBXFileReference; lastKnownFileType = sourcecode.swift; path = MarvelHeroesApp.swift; sourceTree = "<group>"; };
		41792AA82CC638F500F0618B /* MarvelHeroes.app */ = {isa = PBXFileReference; explicitFileType = wrapper.application; includeInIndex = 0; path = MarvelHeroes.app; sourceTree = BUILT_PRODUCTS_DIR; };
		41A082892CC8EDEB00BFBD35 /* MarvelHeroesTests.xctest */ = {isa = PBXFileReference; explicitFileType = wrapper.cfbundle; includeInIndex = 0; path = MarvelHeroesTests.xctest; sourceTree = BUILT_PRODUCTS_DIR; };
/* End PBXFileReference section */

/* Begin PBXFrameworksBuildPhase section */
		41792AA52CC638F500F0618B /* Frameworks */ = {
			isa = PBXFrameworksBuildPhase;
			buildActionMask = 2147483647;
			files = (
				41A7B52D2CC640050025494A /* Statoscope in Frameworks */,
			);
			runOnlyForDeploymentPostprocessing = 0;
		};
		41A082862CC8EDEB00BFBD35 /* Frameworks */ = {
			isa = PBXFrameworksBuildPhase;
			buildActionMask = 2147483647;
			files = (
				41A082962CC8EE2B00BFBD35 /* StatoscopeTesting in Frameworks */,
			);
			runOnlyForDeploymentPostprocessing = 0;
		};
/* End PBXFrameworksBuildPhase section */

/* Begin PBXGroup section */
		412282DF2CCB88A90006CD96 /* MarvelHeroesTests */ = {
			isa = PBXGroup;
			children = (
				412282DE2CCB88A90006CD96 /* MarvelHeroesUnitTest.swift */,
			);
			path = MarvelHeroesTests;
			sourceTree = "<group>";
		};
		412282E42CCB8A8B0006CD96 /* API */ = {
			isa = PBXGroup;
			children = (
				412282E22CCB8A8B0006CD96 /* APIKeys.swift */,
				412282E32CCB8A8B0006CD96 /* MarvelAPI.swift */,
			);
			path = API;
			sourceTree = "<group>";
		};
		412282E82CCB8A8B0006CD96 /* Dependencies */ = {
			isa = PBXGroup;
			children = (
				412282E52CCB8A8B0006CD96 /* NetworkProvider.swift */,
				412282E62CCB8A8B0006CD96 /* Providers.swift */,
				412282E72CCB8A8B0006CD96 /* SystemProvider.swift */,
			);
			path = Dependencies;
			sourceTree = "<group>";
		};
		412282EA2CCB8A8B0006CD96 /* Model */ = {
			isa = PBXGroup;
			children = (
				412282E92CCB8A8B0006CD96 /* Character.swift */,
			);
			path = Model;
			sourceTree = "<group>";
		};
		412282EC2CCB8A8B0006CD96 /* Preview Content */ = {
			isa = PBXGroup;
			children = (
				412282EB2CCB8A8B0006CD96 /* Preview Assets.xcassets */,
			);
			path = "Preview Content";
			sourceTree = "<group>";
		};
		412282F02CCB8A8B0006CD96 /* View */ = {
			isa = PBXGroup;
			children = (
				412282ED2CCB8A8B0006CD96 /* ContentView.swift */,
				412282EE2CCB8A8B0006CD96 /* HeroDetailView.swift */,
				412282EF2CCB8A8B0006CD96 /* HeroView.swift */,
			);
			path = View;
			sourceTree = "<group>";
		};
		412282F22CCB8A8B0006CD96 /* ViewModel */ = {
			isa = PBXGroup;
			children = (
				412282F12CCB8A8B0006CD96 /* ContentView-VM.swift */,
			);
			path = ViewModel;
			sourceTree = "<group>";
		};
		412282F62CCB8A8B0006CD96 /* MarvelHeroes */ = {
			isa = PBXGroup;
			children = (
				412282E42CCB8A8B0006CD96 /* API */,
				412282E82CCB8A8B0006CD96 /* Dependencies */,
				412282EA2CCB8A8B0006CD96 /* Model */,
				412282EC2CCB8A8B0006CD96 /* Preview Content */,
				412282F02CCB8A8B0006CD96 /* View */,
				412282F22CCB8A8B0006CD96 /* ViewModel */,
				412282F32CCB8A8B0006CD96 /* .gitignore */,
				412282F42CCB8A8B0006CD96 /* Assets.xcassets */,
				412282F52CCB8A8B0006CD96 /* MarvelHeroesApp.swift */,
			);
			path = MarvelHeroes;
			sourceTree = "<group>";
		};
		41792A9F2CC638F500F0618B = {
			isa = PBXGroup;
			children = (
				412282F62CCB8A8B0006CD96 /* MarvelHeroes */,
				412282DF2CCB88A90006CD96 /* MarvelHeroesTests */,
				41792AA92CC638F500F0618B /* Products */,
			);
			sourceTree = "<group>";
		};
		41792AA92CC638F500F0618B /* Products */ = {
			isa = PBXGroup;
			children = (
				41792AA82CC638F500F0618B /* MarvelHeroes.app */,
				41A082892CC8EDEB00BFBD35 /* MarvelHeroesTests.xctest */,
			);
			name = Products;
			sourceTree = "<group>";
		};
/* End PBXGroup section */

/* Begin PBXNativeTarget section */
		41792AA72CC638F500F0618B /* MarvelHeroes */ = {
			isa = PBXNativeTarget;
			buildConfigurationList = 41792AB62CC638F500F0618B /* Build configuration list for PBXNativeTarget "MarvelHeroes" */;
			buildPhases = (
				41792AA42CC638F500F0618B /* Sources */,
				41792AA52CC638F500F0618B /* Frameworks */,
				41792AA62CC638F500F0618B /* Resources */,
			);
			buildRules = (
			);
			dependencies = (
			);
			name = MarvelHeroes;
			packageProductDependencies = (
				41A7B52C2CC640050025494A /* Statoscope */,
			);
			productName = MarvelHeroes;
			productReference = 41792AA82CC638F500F0618B /* MarvelHeroes.app */;
			productType = "com.apple.product-type.application";
		};
		41A082882CC8EDEB00BFBD35 /* MarvelHeroesTests */ = {
			isa = PBXNativeTarget;
			buildConfigurationList = 41A0828F2CC8EDEB00BFBD35 /* Build configuration list for PBXNativeTarget "MarvelHeroesTests" */;
			buildPhases = (
				41A082852CC8EDEB00BFBD35 /* Sources */,
				41A082862CC8EDEB00BFBD35 /* Frameworks */,
				41A082872CC8EDEB00BFBD35 /* Resources */,
			);
			buildRules = (
			);
			dependencies = (
				41A0828E2CC8EDEB00BFBD35 /* PBXTargetDependency */,
			);
			name = MarvelHeroesTests;
			packageProductDependencies = (
				41A082952CC8EE2B00BFBD35 /* StatoscopeTesting */,
			);
			productName = MarvelHeroesTests;
			productReference = 41A082892CC8EDEB00BFBD35 /* MarvelHeroesTests.xctest */;
			productType = "com.apple.product-type.bundle.unit-test";
		};
/* End PBXNativeTarget section */

/* Begin PBXProject section */
		41792AA02CC638F500F0618B /* Project object */ = {
			isa = PBXProject;
			attributes = {
				BuildIndependentTargetsInParallel = 1;
				LastSwiftUpdateCheck = 1600;
				LastUpgradeCheck = 1600;
				TargetAttributes = {
					41792AA72CC638F500F0618B = {
						CreatedOnToolsVersion = 16.0;
					};
					41A082882CC8EDEB00BFBD35 = {
						CreatedOnToolsVersion = 16.0;
						TestTargetID = 41792AA72CC638F500F0618B;
					};
				};
			};
			buildConfigurationList = 41792AA32CC638F500F0618B /* Build configuration list for PBXProject "MarvelHeroes" */;
			developmentRegion = en;
			hasScannedForEncodings = 0;
			knownRegions = (
				en,
				Base,
			);
			mainGroup = 41792A9F2CC638F500F0618B;
			minimizedProjectReferenceProxies = 1;
			packageReferences = (
				41A7B52B2CC640050025494A /* XCRemoteSwiftPackageReference "statoscope" */,
			);
			preferredProjectObjectVersion = 77;
			productRefGroup = 41792AA92CC638F500F0618B /* Products */;
			projectDirPath = "";
			projectRoot = "";
			targets = (
				41792AA72CC638F500F0618B /* MarvelHeroes */,
				41A082882CC8EDEB00BFBD35 /* MarvelHeroesTests */,
			);
		};
/* End PBXProject section */

/* Begin PBXResourcesBuildPhase section */
		41792AA62CC638F500F0618B /* Resources */ = {
			isa = PBXResourcesBuildPhase;
			buildActionMask = 2147483647;
			files = (
				412283022CCB8A8B0006CD96 /* Preview Assets.xcassets in Resources */,
				412283032CCB8A8B0006CD96 /* .gitignore in Resources */,
				412283042CCB8A8B0006CD96 /* Assets.xcassets in Resources */,
			);
			runOnlyForDeploymentPostprocessing = 0;
		};
		41A082872CC8EDEB00BFBD35 /* Resources */ = {
			isa = PBXResourcesBuildPhase;
			buildActionMask = 2147483647;
			files = (
			);
			runOnlyForDeploymentPostprocessing = 0;
		};
/* End PBXResourcesBuildPhase section */

/* Begin PBXSourcesBuildPhase section */
		41792AA42CC638F500F0618B /* Sources */ = {
			isa = PBXSourcesBuildPhase;
			buildActionMask = 2147483647;
			files = (
				412282F72CCB8A8B0006CD96 /* APIKeys.swift in Sources */,
				412282F82CCB8A8B0006CD96 /* MarvelAPI.swift in Sources */,
				412282F92CCB8A8B0006CD96 /* NetworkProvider.swift in Sources */,
				412282FA2CCB8A8B0006CD96 /* Providers.swift in Sources */,
				412282FB2CCB8A8B0006CD96 /* SystemProvider.swift in Sources */,
				412282FC2CCB8A8B0006CD96 /* Character.swift in Sources */,
				412282FD2CCB8A8B0006CD96 /* ContentView.swift in Sources */,
				412282FE2CCB8A8B0006CD96 /* HeroDetailView.swift in Sources */,
				412282FF2CCB8A8B0006CD96 /* HeroView.swift in Sources */,
				412283002CCB8A8B0006CD96 /* ContentView-VM.swift in Sources */,
				412283012CCB8A8B0006CD96 /* MarvelHeroesApp.swift in Sources */,
			);
			runOnlyForDeploymentPostprocessing = 0;
		};
		41A082852CC8EDEB00BFBD35 /* Sources */ = {
			isa = PBXSourcesBuildPhase;
			buildActionMask = 2147483647;
			files = (
				412282E12CCB88A90006CD96 /* MarvelHeroesUnitTest.swift in Sources */,
			);
			runOnlyForDeploymentPostprocessing = 0;
		};
/* End PBXSourcesBuildPhase section */

/* Begin PBXTargetDependency section */
		41A0828E2CC8EDEB00BFBD35 /* PBXTargetDependency */ = {
			isa = PBXTargetDependency;
			target = 41792AA72CC638F500F0618B /* MarvelHeroes */;
			targetProxy = 41A0828D2CC8EDEB00BFBD35 /* PBXContainerItemProxy */;
		};
/* End PBXTargetDependency section */

/* Begin XCBuildConfiguration section */
		41792AB42CC638F500F0618B /* Debug */ = {
			isa = XCBuildConfiguration;
			buildSettings = {
				ALWAYS_SEARCH_USER_PATHS = NO;
				ASSETCATALOG_COMPILER_GENERATE_SWIFT_ASSET_SYMBOL_EXTENSIONS = YES;
				CLANG_ANALYZER_NONNULL = YES;
				CLANG_ANALYZER_NUMBER_OBJECT_CONVERSION = YES_AGGRESSIVE;
				CLANG_CXX_LANGUAGE_STANDARD = "gnu++20";
				CLANG_ENABLE_MODULES = YES;
				CLANG_ENABLE_OBJC_ARC = YES;
				CLANG_ENABLE_OBJC_WEAK = YES;
				CLANG_WARN_BLOCK_CAPTURE_AUTORELEASING = YES;
				CLANG_WARN_BOOL_CONVERSION = YES;
				CLANG_WARN_COMMA = YES;
				CLANG_WARN_CONSTANT_CONVERSION = YES;
				CLANG_WARN_DEPRECATED_OBJC_IMPLEMENTATIONS = YES;
				CLANG_WARN_DIRECT_OBJC_ISA_USAGE = YES_ERROR;
				CLANG_WARN_DOCUMENTATION_COMMENTS = YES;
				CLANG_WARN_EMPTY_BODY = YES;
				CLANG_WARN_ENUM_CONVERSION = YES;
				CLANG_WARN_INFINITE_RECURSION = YES;
				CLANG_WARN_INT_CONVERSION = YES;
				CLANG_WARN_NON_LITERAL_NULL_CONVERSION = YES;
				CLANG_WARN_OBJC_IMPLICIT_RETAIN_SELF = YES;
				CLANG_WARN_OBJC_LITERAL_CONVERSION = YES;
				CLANG_WARN_OBJC_ROOT_CLASS = YES_ERROR;
				CLANG_WARN_QUOTED_INCLUDE_IN_FRAMEWORK_HEADER = YES;
				CLANG_WARN_RANGE_LOOP_ANALYSIS = YES;
				CLANG_WARN_STRICT_PROTOTYPES = YES;
				CLANG_WARN_SUSPICIOUS_MOVE = YES;
				CLANG_WARN_UNGUARDED_AVAILABILITY = YES_AGGRESSIVE;
				CLANG_WARN_UNREACHABLE_CODE = YES;
				CLANG_WARN__DUPLICATE_METHOD_MATCH = YES;
				COPY_PHASE_STRIP = NO;
				DEBUG_INFORMATION_FORMAT = dwarf;
				ENABLE_STRICT_OBJC_MSGSEND = YES;
				ENABLE_TESTABILITY = YES;
				ENABLE_USER_SCRIPT_SANDBOXING = YES;
				GCC_C_LANGUAGE_STANDARD = gnu17;
				GCC_DYNAMIC_NO_PIC = NO;
				GCC_NO_COMMON_BLOCKS = YES;
				GCC_OPTIMIZATION_LEVEL = 0;
				GCC_PREPROCESSOR_DEFINITIONS = (
					"DEBUG=1",
					"$(inherited)",
				);
				GCC_WARN_64_TO_32_BIT_CONVERSION = YES;
				GCC_WARN_ABOUT_RETURN_TYPE = YES_ERROR;
				GCC_WARN_UNDECLARED_SELECTOR = YES;
				GCC_WARN_UNINITIALIZED_AUTOS = YES_AGGRESSIVE;
				GCC_WARN_UNUSED_FUNCTION = YES;
				GCC_WARN_UNUSED_VARIABLE = YES;
				IPHONEOS_DEPLOYMENT_TARGET = 18.0;
				LOCALIZATION_PREFERS_STRING_CATALOGS = YES;
				MTL_ENABLE_DEBUG_INFO = INCLUDE_SOURCE;
				MTL_FAST_MATH = YES;
				ONLY_ACTIVE_ARCH = YES;
				SDKROOT = iphoneos;
				SWIFT_ACTIVE_COMPILATION_CONDITIONS = "DEBUG $(inherited)";
				SWIFT_OPTIMIZATION_LEVEL = "-Onone";
			};
			name = Debug;
		};
		41792AB52CC638F500F0618B /* Release */ = {
			isa = XCBuildConfiguration;
			buildSettings = {
				ALWAYS_SEARCH_USER_PATHS = NO;
				ASSETCATALOG_COMPILER_GENERATE_SWIFT_ASSET_SYMBOL_EXTENSIONS = YES;
				CLANG_ANALYZER_NONNULL = YES;
				CLANG_ANALYZER_NUMBER_OBJECT_CONVERSION = YES_AGGRESSIVE;
				CLANG_CXX_LANGUAGE_STANDARD = "gnu++20";
				CLANG_ENABLE_MODULES = YES;
				CLANG_ENABLE_OBJC_ARC = YES;
				CLANG_ENABLE_OBJC_WEAK = YES;
				CLANG_WARN_BLOCK_CAPTURE_AUTORELEASING = YES;
				CLANG_WARN_BOOL_CONVERSION = YES;
				CLANG_WARN_COMMA = YES;
				CLANG_WARN_CONSTANT_CONVERSION = YES;
				CLANG_WARN_DEPRECATED_OBJC_IMPLEMENTATIONS = YES;
				CLANG_WARN_DIRECT_OBJC_ISA_USAGE = YES_ERROR;
				CLANG_WARN_DOCUMENTATION_COMMENTS = YES;
				CLANG_WARN_EMPTY_BODY = YES;
				CLANG_WARN_ENUM_CONVERSION = YES;
				CLANG_WARN_INFINITE_RECURSION = YES;
				CLANG_WARN_INT_CONVERSION = YES;
				CLANG_WARN_NON_LITERAL_NULL_CONVERSION = YES;
				CLANG_WARN_OBJC_IMPLICIT_RETAIN_SELF = YES;
				CLANG_WARN_OBJC_LITERAL_CONVERSION = YES;
				CLANG_WARN_OBJC_ROOT_CLASS = YES_ERROR;
				CLANG_WARN_QUOTED_INCLUDE_IN_FRAMEWORK_HEADER = YES;
				CLANG_WARN_RANGE_LOOP_ANALYSIS = YES;
				CLANG_WARN_STRICT_PROTOTYPES = YES;
				CLANG_WARN_SUSPICIOUS_MOVE = YES;
				CLANG_WARN_UNGUARDED_AVAILABILITY = YES_AGGRESSIVE;
				CLANG_WARN_UNREACHABLE_CODE = YES;
				CLANG_WARN__DUPLICATE_METHOD_MATCH = YES;
				COPY_PHASE_STRIP = NO;
				DEBUG_INFORMATION_FORMAT = "dwarf-with-dsym";
				ENABLE_NS_ASSERTIONS = NO;
				ENABLE_STRICT_OBJC_MSGSEND = YES;
				ENABLE_USER_SCRIPT_SANDBOXING = YES;
				GCC_C_LANGUAGE_STANDARD = gnu17;
				GCC_NO_COMMON_BLOCKS = YES;
				GCC_WARN_64_TO_32_BIT_CONVERSION = YES;
				GCC_WARN_ABOUT_RETURN_TYPE = YES_ERROR;
				GCC_WARN_UNDECLARED_SELECTOR = YES;
				GCC_WARN_UNINITIALIZED_AUTOS = YES_AGGRESSIVE;
				GCC_WARN_UNUSED_FUNCTION = YES;
				GCC_WARN_UNUSED_VARIABLE = YES;
				IPHONEOS_DEPLOYMENT_TARGET = 18.0;
				LOCALIZATION_PREFERS_STRING_CATALOGS = YES;
				MTL_ENABLE_DEBUG_INFO = NO;
				MTL_FAST_MATH = YES;
				SDKROOT = iphoneos;
				SWIFT_COMPILATION_MODE = wholemodule;
				VALIDATE_PRODUCT = YES;
			};
			name = Release;
		};
		41792AB72CC638F500F0618B /* Debug */ = {
			isa = XCBuildConfiguration;
			buildSettings = {
				ASSETCATALOG_COMPILER_APPICON_NAME = AppIcon;
				ASSETCATALOG_COMPILER_GLOBAL_ACCENT_COLOR_NAME = AccentColor;
				CODE_SIGN_STYLE = Automatic;
				CURRENT_PROJECT_VERSION = 1;
				DEVELOPMENT_ASSET_PATHS = "\"MarvelHeroes/Preview Content\"";
				DEVELOPMENT_TEAM = Z458PWZBW7;
				ENABLE_PREVIEWS = YES;
				GENERATE_INFOPLIST_FILE = YES;
				INFOPLIST_KEY_UIApplicationSceneManifest_Generation = YES;
				INFOPLIST_KEY_UIApplicationSupportsIndirectInputEvents = YES;
				INFOPLIST_KEY_UILaunchScreen_Generation = YES;
				INFOPLIST_KEY_UISupportedInterfaceOrientations_iPad = "UIInterfaceOrientationPortrait UIInterfaceOrientationPortraitUpsideDown UIInterfaceOrientationLandscapeLeft UIInterfaceOrientationLandscapeRight";
				INFOPLIST_KEY_UISupportedInterfaceOrientations_iPhone = "UIInterfaceOrientationPortrait UIInterfaceOrientationLandscapeLeft UIInterfaceOrientationLandscapeRight";
				IPHONEOS_DEPLOYMENT_TARGET = 18.0;
				LD_RUNPATH_SEARCH_PATHS = (
					"$(inherited)",
					"@executable_path/Frameworks",
				);
				MARKETING_VERSION = 1.0;
				PRODUCT_BUNDLE_IDENTIFIER = com.espinosa.marti.MarvelHeroes;
				PRODUCT_NAME = "$(TARGET_NAME)";
				SWIFT_EMIT_LOC_STRINGS = YES;
				SWIFT_VERSION = 5.0;
				TARGETED_DEVICE_FAMILY = "1,2";
			};
			name = Debug;
		};
		41792AB82CC638F500F0618B /* Release */ = {
			isa = XCBuildConfiguration;
			buildSettings = {
				ASSETCATALOG_COMPILER_APPICON_NAME = AppIcon;
				ASSETCATALOG_COMPILER_GLOBAL_ACCENT_COLOR_NAME = AccentColor;
				CODE_SIGN_STYLE = Automatic;
				CURRENT_PROJECT_VERSION = 1;
				DEVELOPMENT_ASSET_PATHS = "\"MarvelHeroes/Preview Content\"";
				DEVELOPMENT_TEAM = Z458PWZBW7;
				ENABLE_PREVIEWS = YES;
				GENERATE_INFOPLIST_FILE = YES;
				INFOPLIST_KEY_UIApplicationSceneManifest_Generation = YES;
				INFOPLIST_KEY_UIApplicationSupportsIndirectInputEvents = YES;
				INFOPLIST_KEY_UILaunchScreen_Generation = YES;
				INFOPLIST_KEY_UISupportedInterfaceOrientations_iPad = "UIInterfaceOrientationPortrait UIInterfaceOrientationPortraitUpsideDown UIInterfaceOrientationLandscapeLeft UIInterfaceOrientationLandscapeRight";
				INFOPLIST_KEY_UISupportedInterfaceOrientations_iPhone = "UIInterfaceOrientationPortrait UIInterfaceOrientationLandscapeLeft UIInterfaceOrientationLandscapeRight";
				IPHONEOS_DEPLOYMENT_TARGET = 18.0;
				LD_RUNPATH_SEARCH_PATHS = (
					"$(inherited)",
					"@executable_path/Frameworks",
				);
				MARKETING_VERSION = 1.0;
				PRODUCT_BUNDLE_IDENTIFIER = com.espinosa.marti.MarvelHeroes;
				PRODUCT_NAME = "$(TARGET_NAME)";
				SWIFT_EMIT_LOC_STRINGS = YES;
				SWIFT_VERSION = 5.0;
				TARGETED_DEVICE_FAMILY = "1,2";
			};
			name = Release;
		};
		41A082902CC8EDEB00BFBD35 /* Debug */ = {
			isa = XCBuildConfiguration;
			buildSettings = {
				BUNDLE_LOADER = "$(TEST_HOST)";
				CODE_SIGN_STYLE = Automatic;
				CURRENT_PROJECT_VERSION = 1;
				DEVELOPMENT_TEAM = Z458PWZBW7;
				GENERATE_INFOPLIST_FILE = YES;
				IPHONEOS_DEPLOYMENT_TARGET = 18.0;
				MARKETING_VERSION = 1.0;
				PRODUCT_BUNDLE_IDENTIFIER = com.espinosa.marti.MarvelHeroesTests;
				PRODUCT_NAME = "$(TARGET_NAME)";
				SWIFT_EMIT_LOC_STRINGS = NO;
				SWIFT_VERSION = 5.0;
				TARGETED_DEVICE_FAMILY = "1,2";
				TEST_HOST = "$(BUILT_PRODUCTS_DIR)/MarvelHeroes.app/$(BUNDLE_EXECUTABLE_FOLDER_PATH)/MarvelHeroes";
			};
			name = Debug;
		};
		41A082912CC8EDEB00BFBD35 /* Release */ = {
			isa = XCBuildConfiguration;
			buildSettings = {
				BUNDLE_LOADER = "$(TEST_HOST)";
				CODE_SIGN_STYLE = Automatic;
				CURRENT_PROJECT_VERSION = 1;
				DEVELOPMENT_TEAM = Z458PWZBW7;
				GENERATE_INFOPLIST_FILE = YES;
				IPHONEOS_DEPLOYMENT_TARGET = 18.0;
				MARKETING_VERSION = 1.0;
				PRODUCT_BUNDLE_IDENTIFIER = com.espinosa.marti.MarvelHeroesTests;
				PRODUCT_NAME = "$(TARGET_NAME)";
				SWIFT_EMIT_LOC_STRINGS = NO;
				SWIFT_VERSION = 5.0;
				TARGETED_DEVICE_FAMILY = "1,2";
				TEST_HOST = "$(BUILT_PRODUCTS_DIR)/MarvelHeroes.app/$(BUNDLE_EXECUTABLE_FOLDER_PATH)/MarvelHeroes";
			};
			name = Release;
		};
/* End XCBuildConfiguration section */

/* Begin XCConfigurationList section */
		41792AA32CC638F500F0618B /* Build configuration list for PBXProject "MarvelHeroes" */ = {
			isa = XCConfigurationList;
			buildConfigurations = (
				41792AB42CC638F500F0618B /* Debug */,
				41792AB52CC638F500F0618B /* Release */,
			);
			defaultConfigurationIsVisible = 0;
			defaultConfigurationName = Release;
		};
		41792AB62CC638F500F0618B /* Build configuration list for PBXNativeTarget "MarvelHeroes" */ = {
			isa = XCConfigurationList;
			buildConfigurations = (
				41792AB72CC638F500F0618B /* Debug */,
				41792AB82CC638F500F0618B /* Release */,
			);
			defaultConfigurationIsVisible = 0;
			defaultConfigurationName = Release;
		};
		41A0828F2CC8EDEB00BFBD35 /* Build configuration list for PBXNativeTarget "MarvelHeroesTests" */ = {
			isa = XCConfigurationList;
			buildConfigurations = (
				41A082902CC8EDEB00BFBD35 /* Debug */,
				41A082912CC8EDEB00BFBD35 /* Release */,
			);
			defaultConfigurationIsVisible = 0;
			defaultConfigurationName = Release;
		};
/* End XCConfigurationList section */

/* Begin XCRemoteSwiftPackageReference section */
		41A7B52B2CC640050025494A /* XCRemoteSwiftPackageReference "statoscope" */ = {
			isa = XCRemoteSwiftPackageReference;
			repositoryURL = "https://github.com/InQBarna/statoscope.git";
			requirement = {
				branch = main;
				kind = branch;
			};
		};
/* End XCRemoteSwiftPackageReference section */

/* Begin XCSwiftPackageProductDependency section */
		41A082952CC8EE2B00BFBD35 /* StatoscopeTesting */ = {
			isa = XCSwiftPackageProductDependency;
			package = 41A7B52B2CC640050025494A /* XCRemoteSwiftPackageReference "statoscope" */;
			productName = StatoscopeTesting;
		};
		41A7B52C2CC640050025494A /* Statoscope */ = {
			isa = XCSwiftPackageProductDependency;
			package = 41A7B52B2CC640050025494A /* XCRemoteSwiftPackageReference "statoscope" */;
			productName = Statoscope;
		};
/* End XCSwiftPackageProductDependency section */
	};
	rootObject = 41792AA02CC638F500F0618B /* Project object */;
}
